{
  "name": "cure_sync_backend",
  "lockfileVersion": 3,
  "requires": true,
  "packages": {
    "": {
      "name": "cure_sync_backend",
      "dependencies": {
        "@prisma/client": "^6.17.1"
      },
      "devDependencies": {
        "@types/bun": "latest"
      },
      "peerDependencies": {
        "typescript": "^5"
      }
    },
    "node_modules/@prisma/client": {
      "version": "6.17.1",
      "resolved": "https://registry.npmjs.org/@prisma/client/-/client-6.17.1.tgz",
      "integrity": "sha512-zL58jbLzYamjnNnmNA51IOZdbk5ci03KviXCuB0Tydc9btH2kDWsi1pQm2VecviRTM7jGia0OPPkgpGnT3nKvw==",
      "hasInstallScript": true,
      "license": "Apache-2.0",
      "engines": {
        "node": ">=18.18"
      },
      "peerDependencies": {
        "prisma": "*",
        "typescript": ">=5.1.0"
      },
      "peerDependenciesMeta": {
        "prisma": {
          "optional": true
        },
        "typescript": {
          "optional": true
        }
      }
    },
    "node_modules/@types/bun": {
      "version": "1.3.0",
      "resolved": "https://registry.npmjs.org/@types/bun/-/bun-1.3.0.tgz",
      "integrity": "sha512-+lAGCYjXjip2qY375xX/scJeVRmZ5cY0wyHYyCYxNcdEXrQ4AOe3gACgd4iQ8ksOslJtW4VNxBJ8llUwc3a6AA==",
      "dev": true,
      "license": "MIT",
      "dependencies": {
        "bun-types": "1.3.0"
      }
    },
    "node_modules/@types/node": {
      "version": "24.8.1",
      "dev": true,
      "license": "MIT",
      "dependencies": {
        "undici-types": "~7.14.0"
      }
    },
    "node_modules/@types/react": {
      "version": "19.2.2",
      "dev": true,
      "license": "MIT",
      "peer": true,
      "dependencies": {
        "csstype": "^3.0.2"
      }
    },
    "node_modules/bun-types": {
      "version": "1.3.0",
      "dev": true,
      "license": "MIT",
      "dependencies": {
        "@types/node": "*"
      },
      "peerDependencies": {
        "@types/react": "^19"
      }
    },
    "node_modules/csstype": {
      "version": "3.1.3",
      "dev": true,
      "license": "MIT",
      "peer": true
    },
    "node_modules/typescript": {
      "version": "5.9.3",
      "license": "Apache-2.0",
      "peer": true,
      "bin": {
        "tsc": "bin/tsc",
        "tsserver": "bin/tsserver"
      },
      "engines": {
        "node": ">=14.17"
      }
    },
    "node_modules/undici-types": {
      "version": "7.14.0",
      "dev": true,
      "license": "MIT"
    }
  }
}
